// !$*UTF8*$!
{
	archiveVersion = 1;
	classes = {
	};
	objectVersion = 77;
	objects = {

/* Begin PBXBuildFile section */
		939E41196DCB7CD4B9AE35A2 /* iTermComradeApp.swift in Sources */ = {isa = PBXBuildFile; fileRef = DAE59A315736B26A589002DC /* iTermComradeApp.swift */; };
		B14EE8E5B2EB091872C9A8F2 /* PanelLayout.swift in Sources */ = {isa = PBXBuildFile; fileRef = 1EA243A55427CC4E22A16DC0 /* PanelLayout.swift */; };
		F710C1A7A759EB655636588F /* PanelLayoutTests.swift in Sources */ = {isa = PBXBuildFile; fileRef = 3D0D606238E9176F17466D30 /* PanelLayoutTests.swift */; };
/* End PBXBuildFile section */

/* Begin PBXContainerItemProxy section */
		5AC2F77C750DF202EE06A358 /* PBXContainerItemProxy */ = {
			isa = PBXContainerItemProxy;
			containerPortal = C37392AF4532E417D1925A64 /* Project object */;
			proxyType = 1;
			remoteGlobalIDString = E18A674652946F63012C1659;
			remoteInfo = iTermComrade;
		};
/* End PBXContainerItemProxy section */

/* Begin PBXFileReference section */
		0B34281F57727EC681A1A503 /* iTermComrade.app */ = {isa = PBXFileReference; explicitFileType = wrapper.application; includeInIndex = 0; path = iTermComrade.app; sourceTree = BUILT_PRODUCTS_DIR; };
		1EA243A55427CC4E22A16DC0 /* PanelLayout.swift */ = {isa = PBXFileReference; lastKnownFileType = sourcecode.swift; path = PanelLayout.swift; sourceTree = "<group>"; };
		3D0D606238E9176F17466D30 /* PanelLayoutTests.swift */ = {isa = PBXFileReference; lastKnownFileType = sourcecode.swift; path = PanelLayoutTests.swift; sourceTree = "<group>"; };
		48FDE36BE4E4AB8591B789CB /* iTermComradeTests.xctest */ = {isa = PBXFileReference; explicitFileType = wrapper.cfbundle; includeInIndex = 0; path = iTermComradeTests.xctest; sourceTree = BUILT_PRODUCTS_DIR; };
		DAE59A315736B26A589002DC /* iTermComradeApp.swift */ = {isa = PBXFileReference; lastKnownFileType = sourcecode.swift; path = iTermComradeApp.swift; sourceTree = "<group>"; };
/* End PBXFileReference section */

/* Begin PBXGroup section */
		1A810E4BC41216696EC38A97 /* iTermComradeTests */ = {
			isa = PBXGroup;
			children = (
				3D0D606238E9176F17466D30 /* PanelLayoutTests.swift */,
			);
			path = iTermComradeTests;
			sourceTree = "<group>";
		};
		4E9FDB086271F214EEC07711 /* Products */ = {
			isa = PBXGroup;
			children = (
				0B34281F57727EC681A1A503 /* iTermComrade.app */,
				48FDE36BE4E4AB8591B789CB /* iTermComradeTests.xctest */,
			);
			name = Products;
			sourceTree = "<group>";
		};
		7148EDBD04A4FC09B1A84A13 = {
			isa = PBXGroup;
			children = (
				9CDBA26886BC8C49A0EE99EA /* iTermComrade */,
				1A810E4BC41216696EC38A97 /* iTermComradeTests */,
				4E9FDB086271F214EEC07711 /* Products */,
			);
			sourceTree = "<group>";
		};
		9CDBA26886BC8C49A0EE99EA /* iTermComrade */ = {
			isa = PBXGroup;
			children = (
				DAE59A315736B26A589002DC /* iTermComradeApp.swift */,
				1EA243A55427CC4E22A16DC0 /* PanelLayout.swift */,
			);
			path = iTermComrade;
			sourceTree = "<group>";
		};
/* End PBXGroup section */

/* Begin PBXNativeTarget section */
		5227A943191298E967244D8C /* iTermComradeTests */ = {
			isa = PBXNativeTarget;
			buildConfigurationList = 10D12149615BFA9FCBC22554 /* Build configuration list for PBXNativeTarget "iTermComradeTests" */;
			buildPhases = (
				E993CDE7F93140FE19E04751 /* Sources */,
			);
			buildRules = (
			);
			dependencies = (
				8F1186123DB96D44B9D8A68E /* PBXTargetDependency */,
			);
			name = iTermComradeTests;
			packageProductDependencies = (
			);
			productName = iTermComradeTests;
			productReference = 48FDE36BE4E4AB8591B789CB /* iTermComradeTests.xctest */;
			productType = "com.apple.product-type.bundle.unit-test";
		};
		E18A674652946F63012C1659 /* iTermComrade */ = {
			isa = PBXNativeTarget;
			buildConfigurationList = D19D06DAE596E71F27A07964 /* Build configuration list for PBXNativeTarget "iTermComrade" */;
			buildPhases = (
				05AB1141F76D7242BBEA1803 /* Sources */,
			);
			buildRules = (
			);
			dependencies = (
			);
			name = iTermComrade;
			packageProductDependencies = (
			);
			productName = iTermComrade;
			productReference = 0B34281F57727EC681A1A503 /* iTermComrade.app */;
			productType = "com.apple.product-type.application";
		};
/* End PBXNativeTarget section */

/* Begin PBXProject section */
		C37392AF4532E417D1925A64 /* Project object */ = {
			isa = PBXProject;
			attributes = {
				BuildIndependentTargetsInParallel = YES;
				LastUpgradeCheck = 1430;
				TargetAttributes = {
				};
			};
			buildConfigurationList = 6746AB48C9FC830E0E0A921F /* Build configuration list for PBXProject "iTermComrade" */;
			developmentRegion = en;
			hasScannedForEncodings = 0;
			knownRegions = (
				Base,
				en,
			);
			mainGroup = 7148EDBD04A4FC09B1A84A13;
			minimizedProjectReferenceProxies = 1;
			preferredProjectObjectVersion = 77;
			productRefGroup = 4E9FDB086271F214EEC07711 /* Products */;
			projectDirPath = "";
			projectRoot = "";
			targets = (
				E18A674652946F63012C1659 /* iTermComrade */,
				5227A943191298E967244D8C /* iTermComradeTests */,
			);
		};
/* End PBXProject section */

/* Begin PBXSourcesBuildPhase section */
		05AB1141F76D7242BBEA1803 /* Sources */ = {
			isa = PBXSourcesBuildPhase;
			buildActionMask = 2147483647;
			files = (
				B14EE8E5B2EB091872C9A8F2 /* PanelLayout.swift in Sources */,
				939E41196DCB7CD4B9AE35A2 /* iTermComradeApp.swift in Sources */,
			);
			runOnlyForDeploymentPostprocessing = 0;
		};
		E993CDE7F93140FE19E04751 /* Sources */ = {
			isa = PBXSourcesBuildPhase;
			buildActionMask = 2147483647;
			files = (
				F710C1A7A759EB655636588F /* PanelLayoutTests.swift in Sources */,
			);
			runOnlyForDeploymentPostprocessing = 0;
		};
/* End PBXSourcesBuildPhase section */

/* Begin PBXTargetDependency section */
		8F1186123DB96D44B9D8A68E /* PBXTargetDependency */ = {
			isa = PBXTargetDependency;
			target = E18A674652946F63012C1659 /* iTermComrade */;
			targetProxy = 5AC2F77C750DF202EE06A358 /* PBXContainerItemProxy */;
		};
/* End PBXTargetDependency section */

/* Begin XCBuildConfiguration section */
		240B16B626D205B49ABCA03A /* Release */ = {
			isa = XCBuildConfiguration;
			buildSettings = {
				ASSETCATALOG_COMPILER_APPICON_NAME = AppIcon;
				COMBINE_HIDPI_IMAGES = YES;
				GENERATE_INFOPLIST_FILE = YES;
				INFOPLIST_KEY_LSUIElement = YES;
				LD_RUNPATH_SEARCH_PATHS = (
					"$(inherited)",
					"@executable_path/../Frameworks",
				);
				PRODUCT_BUNDLE_IDENTIFIER = com.caishilin.iTermComrade;
				SDKROOT = macosx;
			};
			name = Release;
		};
		432232D82D178250734C6FA2 /* Release */ = {
			isa = XCBuildConfiguration;
			buildSettings = {
				ALWAYS_SEARCH_USER_PATHS = NO;
				CLANG_ANALYZER_NONNULL = YES;
				CLANG_ANALYZER_NUMBER_OBJECT_CONVERSION = YES_AGGRESSIVE;
				CLANG_CXX_LANGUAGE_STANDARD = "gnu++14";
				CLANG_CXX_LIBRARY = "libc++";
				CLANG_ENABLE_MODULES = YES;
				CLANG_ENABLE_OBJC_ARC = YES;
				CLANG_ENABLE_OBJC_WEAK = YES;
				CLANG_WARN_BLOCK_CAPTURE_AUTORELEASING = YES;
				CLANG_WARN_BOOL_CONVERSION = YES;
				CLANG_WARN_COMMA = YES;
				CLANG_WARN_CONSTANT_CONVERSION = YES;
				CLANG_WARN_DEPRECATED_OBJC_IMPLEMENTATIONS = YES;
				CLANG_WARN_DIRECT_OBJC_ISA_USAGE = YES_ERROR;
				CLANG_WARN_DOCUMENTATION_COMMENTS = YES;
				CLANG_WARN_EMPTY_BODY = YES;
				CLANG_WARN_ENUM_CONVERSION = YES;
				CLANG_WARN_INFINITE_RECURSION = YES;
				CLANG_WARN_INT_CONVERSION = YES;
				CLANG_WARN_NON_LITERAL_NULL_CONVERSION = YES;
				CLANG_WARN_OBJC_IMPLICIT_RETAIN_SELF = YES;
				CLANG_WARN_OBJC_LITERAL_CONVERSION = YES;
				CLANG_WARN_OBJC_ROOT_CLASS = YES_ERROR;
				CLANG_WARN_QUOTED_INCLUDE_IN_FRAMEWORK_HEADER = YES;
				CLANG_WARN_RANGE_LOOP_ANALYSIS = YES;
				CLANG_WARN_STRICT_PROTOTYPES = YES;
				CLANG_WARN_SUSPICIOUS_MOVE = YES;
				CLANG_WARN_UNGUARDED_AVAILABILITY = YES_AGGRESSIVE;
				CLANG_WARN_UNREACHABLE_CODE = YES;
				CLANG_WARN__DUPLICATE_METHOD_MATCH = YES;
				COPY_PHASE_STRIP = NO;
				DEBUG_INFORMATION_FORMAT = "dwarf-with-dsym";
				ENABLE_NS_ASSERTIONS = NO;
				ENABLE_STRICT_OBJC_MSGSEND = YES;
				GCC_C_LANGUAGE_STANDARD = gnu11;
				GCC_NO_COMMON_BLOCKS = YES;
				GCC_WARN_64_TO_32_BIT_CONVERSION = YES;
				GCC_WARN_ABOUT_RETURN_TYPE = YES_ERROR;
				GCC_WARN_UNDECLARED_SELECTOR = YES;
				GCC_WARN_UNINITIALIZED_AUTOS = YES_AGGRESSIVE;
				GCC_WARN_UNUSED_FUNCTION = YES;
				GCC_WARN_UNUSED_VARIABLE = YES;
				MACOSX_DEPLOYMENT_TARGET = 13.0;
				MTL_ENABLE_DEBUG_INFO = NO;
				MTL_FAST_MATH = YES;
				PRODUCT_NAME = "$(TARGET_NAME)";
				SDKROOT = macosx;
				SWIFT_COMPILATION_MODE = wholemodule;
				SWIFT_OPTIMIZATION_LEVEL = "-O";
				SWIFT_VERSION = 5.0;
			};
			name = Release;
		};
		662853F0E45FB5DD9740B62F /* Debug */ = {
			isa = XCBuildConfiguration;
			buildSettings = {
				ASSETCATALOG_COMPILER_APPICON_NAME = AppIcon;
				COMBINE_HIDPI_IMAGES = YES;
				GENERATE_INFOPLIST_FILE = YES;
				INFOPLIST_KEY_LSUIElement = YES;
				LD_RUNPATH_SEARCH_PATHS = (
					"$(inherited)",
					"@executable_path/../Frameworks",
				);
				PRODUCT_BUNDLE_IDENTIFIER = com.caishilin.iTermComrade;
				SDKROOT = macosx;
			};
			name = Debug;
		};
		7541CE5EB6E521F96BCBB260 /* Release */ = {
			isa = XCBuildConfiguration;
			buildSettings = {
				BUNDLE_LOADER = "$(TEST_HOST)";
				COMBINE_HIDPI_IMAGES = YES;
				LD_RUNPATH_SEARCH_PATHS = (
					"$(inherited)",
					"@executable_path/../Frameworks",
					"@loader_path/../Frameworks",
				);
				PRODUCT_BUNDLE_IDENTIFIER = com.caishilin.iTermComradeTests;
				SDKROOT = macosx;
				TEST_HOST = "$(BUILT_PRODUCTS_DIR)/iTermComrade.app/Contents/MacOS/iTermComrade";
			};
			name = Release;
		};
		AF892E8A7A8C8F5347046C5B /* Debug */ = {
			isa = XCBuildConfiguration;
			buildSettings = {
				ALWAYS_SEARCH_USER_PATHS = NO;
				CLANG_ANALYZER_NONNULL = YES;
				CLANG_ANALYZER_NUMBER_OBJECT_CONVERSION = YES_AGGRESSIVE;
				CLANG_CXX_LANGUAGE_STANDARD = "gnu++14";
				CLANG_CXX_LIBRARY = "libc++";
				CLANG_ENABLE_MODULES = YES;
				CLANG_ENABLE_OBJC_ARC = YES;
				CLANG_ENABLE_OBJC_WEAK = YES;
				CLANG_WARN_BLOCK_CAPTURE_AUTORELEASING = YES;
				CLANG_WARN_BOOL_CONVERSION = YES;
				CLANG_WARN_COMMA = YES;
				CLANG_WARN_CONSTANT_CONVERSION = YES;
				CLANG_WARN_DEPRECATED_OBJC_IMPLEMENTATIONS = YES;
				CLANG_WARN_DIRECT_OBJC_ISA_USAGE = YES_ERROR;
				CLANG_WARN_DOCUMENTATION_COMMENTS = YES;
				CLANG_WARN_EMPTY_BODY = YES;
				CLANG_WARN_ENUM_CONVERSION = YES;
				CLANG_WARN_INFINITE_RECURSION = YES;
				CLANG_WARN_INT_CONVERSION = YES;
				CLANG_WARN_NON_LITERAL_NULL_CONVERSION = YES;
				CLANG_WARN_OBJC_IMPLICIT_RETAIN_SELF = YES;
				CLANG_WARN_OBJC_LITERAL_CONVERSION = YES;
				CLANG_WARN_OBJC_ROOT_CLASS = YES_ERROR;
				CLANG_WARN_QUOTED_INCLUDE_IN_FRAMEWORK_HEADER = YES;
				CLANG_WARN_RANGE_LOOP_ANALYSIS = YES;
				CLANG_WARN_STRICT_PROTOTYPES = YES;
				CLANG_WARN_SUSPICIOUS_MOVE = YES;
				CLANG_WARN_UNGUARDED_AVAILABILITY = YES_AGGRESSIVE;
				CLANG_WARN_UNREACHABLE_CODE = YES;
				CLANG_WARN__DUPLICATE_METHOD_MATCH = YES;
				COPY_PHASE_STRIP = NO;
				DEBUG_INFORMATION_FORMAT = dwarf;
				ENABLE_STRICT_OBJC_MSGSEND = YES;
				ENABLE_TESTABILITY = YES;
				GCC_C_LANGUAGE_STANDARD = gnu11;
				GCC_DYNAMIC_NO_PIC = NO;
				GCC_NO_COMMON_BLOCKS = YES;
				GCC_OPTIMIZATION_LEVEL = 0;
				GCC_PREPROCESSOR_DEFINITIONS = (
					"$(inherited)",
					"DEBUG=1",
				);
				GCC_WARN_64_TO_32_BIT_CONVERSION = YES;
				GCC_WARN_ABOUT_RETURN_TYPE = YES_ERROR;
				GCC_WARN_UNDECLARED_SELECTOR = YES;
				GCC_WARN_UNINITIALIZED_AUTOS = YES_AGGRESSIVE;
				GCC_WARN_UNUSED_FUNCTION = YES;
				GCC_WARN_UNUSED_VARIABLE = YES;
				MACOSX_DEPLOYMENT_TARGET = 13.0;
				MTL_ENABLE_DEBUG_INFO = INCLUDE_SOURCE;
				MTL_FAST_MATH = YES;
				ONLY_ACTIVE_ARCH = YES;
				PRODUCT_NAME = "$(TARGET_NAME)";
				SDKROOT = macosx;
				SWIFT_ACTIVE_COMPILATION_CONDITIONS = DEBUG;
				SWIFT_OPTIMIZATION_LEVEL = "-Onone";
				SWIFT_VERSION = 5.0;
			};
			name = Debug;
		};
		E744B21C64FAD9304F95C00A /* Debug */ = {
			isa = XCBuildConfiguration;
			buildSettings = {
				BUNDLE_LOADER = "$(TEST_HOST)";
				COMBINE_HIDPI_IMAGES = YES;
				LD_RUNPATH_SEARCH_PATHS = (
					"$(inherited)",
					"@executable_path/../Frameworks",
					"@loader_path/../Frameworks",
				);
				PRODUCT_BUNDLE_IDENTIFIER = com.caishilin.iTermComradeTests;
				SDKROOT = macosx;
				TEST_HOST = "$(BUILT_PRODUCTS_DIR)/iTermComrade.app/Contents/MacOS/iTermComrade";
			};
			name = Debug;
		};
/* End XCBuildConfiguration section */

/* Begin XCConfigurationList section */
		10D12149615BFA9FCBC22554 /* Build configuration list for PBXNativeTarget "iTermComradeTests" */ = {
			isa = XCConfigurationList;
			buildConfigurations = (
				E744B21C64FAD9304F95C00A /* Debug */,
				7541CE5EB6E521F96BCBB260 /* Release */,
			);
			defaultConfigurationIsVisible = 0;
			defaultConfigurationName = Debug;
		};
		6746AB48C9FC830E0E0A921F /* Build configuration list for PBXProject "iTermComrade" */ = {
			isa = XCConfigurationList;
			buildConfigurations = (
				AF892E8A7A8C8F5347046C5B /* Debug */,
				432232D82D178250734C6FA2 /* Release */,
			);
			defaultConfigurationIsVisible = 0;
			defaultConfigurationName = Debug;
		};
		D19D06DAE596E71F27A07964 /* Build configuration list for PBXNativeTarget "iTermComrade" */ = {
			isa = XCConfigurationList;
			buildConfigurations = (
				662853F0E45FB5DD9740B62F /* Debug */,
				240B16B626D205B49ABCA03A /* Release */,
			);
			defaultConfigurationIsVisible = 0;
			defaultConfigurationName = Debug;
		};
/* End XCConfigurationList section */
	};
	rootObject = C37392AF4532E417D1925A64 /* Project object */;
}
