// !$*UTF8*$!
{
	archiveVersion = 1;
	classes = {
	};
	objectVersion = 77;
	objects = {

/* Begin PBXBuildFile section */
		854F100B60C750D06E8DF1EC /* iTermateApp.swift in Sources */ = {isa = PBXBuildFile; fileRef = 44F8719B6809A3EC4D52A306 /* iTermateApp.swift */; };
		8A0FC8F8870D37796C534582 /* AgentIntegrations.swift in Sources */ = {isa = PBXBuildFile; fileRef = 8F8A8790CA418B304742A10E /* AgentIntegrations.swift */; };
		9EA014E904BFB2839F940EBA /* SessionNotificationTests.swift in Sources */ = {isa = PBXBuildFile; fileRef = 8F9D7227C9F23B70A7FDBDAF /* SessionNotificationTests.swift */; };
		AC7587A4E122F8C055A20711 /* SessionNotifications.swift in Sources */ = {isa = PBXBuildFile; fileRef = FBA5E7E6D2D9302CAC7D2FC3 /* SessionNotifications.swift */; };
		C7E944908DE9ED9089171685 /* iTermateBridge.py in Resources */ = {isa = PBXBuildFile; fileRef = 98A663F51BCEE90A4D694DFD /* iTermateBridge.py */; };
		CD6C91A30902A7FCEE57204D /* PanelLayoutTests.swift in Sources */ = {isa = PBXBuildFile; fileRef = AEFACC2CFD88EF145735DCE8 /* PanelLayoutTests.swift */; };
		D18E483400442845AEEDAF8C /* iTermate-hook.py in Resources */ = {isa = PBXBuildFile; fileRef = 9397D6A74D5DEFB5407287FE /* iTermate-hook.py */; };
		D2C6987CA2110DB3371B778F /* PanelLayout.swift in Sources */ = {isa = PBXBuildFile; fileRef = 2964CC35CF647092E51DBA87 /* PanelLayout.swift */; };
		D70EAEE488EDDDCA530D505D /* ItermBridgeTests.swift in Sources */ = {isa = PBXBuildFile; fileRef = EE386BB5E6A917CC6ACBC72C /* ItermBridgeTests.swift */; };
		EAECC190D6FF2D443E6ABD91 /* SettingsViews.swift in Sources */ = {isa = PBXBuildFile; fileRef = 06B21C5FA55597B9FDA65B2F /* SettingsViews.swift */; };
		F1BACAA2BF873D0423D5D029 /* iTermate-integration.ts in Resources */ = {isa = PBXBuildFile; fileRef = 455EA3C557B1FB8D058C4337 /* iTermate-integration.ts */; };
		F8C2B099533A5060DD6FF222 /* Assets.xcassets in Resources */ = {isa = PBXBuildFile; fileRef = 26707EC6497714316C11E6B6 /* Assets.xcassets */; };
		FBA2C09664EC79CCE097AE9C /* AgentIntegrationManagerTests.swift in Sources */ = {isa = PBXBuildFile; fileRef = 4C2C567B6DE8991B12C843C6 /* AgentIntegrationManagerTests.swift */; };
		FDEFD14A15E537D2E1EF00E6 /* ItermBridge.swift in Sources */ = {isa = PBXBuildFile; fileRef = 5AC44468A07DBECAD73989BA /* ItermBridge.swift */; };
/* End PBXBuildFile section */

/* Begin PBXContainerItemProxy section */
		0EB25F46A39FD39F91E9F0E9 /* PBXContainerItemProxy */ = {
			isa = PBXContainerItemProxy;
			containerPortal = 4546A343AEC928D0E831142D /* Project object */;
			proxyType = 1;
			remoteGlobalIDString = 9E6541CC5BD0F484063454B8;
			remoteInfo = iTermate;
		};
/* End PBXContainerItemProxy section */

/* Begin PBXFileReference section */
		06B21C5FA55597B9FDA65B2F /* SettingsViews.swift */ = {isa = PBXFileReference; lastKnownFileType = sourcecode.swift; path = SettingsViews.swift; sourceTree = "<group>"; };
		0A5616016F9CC20D9F3ADD3E /* iTermate.app */ = {isa = PBXFileReference; explicitFileType = wrapper.application; includeInIndex = 0; path = iTermate.app; sourceTree = BUILT_PRODUCTS_DIR; };
		26707EC6497714316C11E6B6 /* Assets.xcassets */ = {isa = PBXFileReference; lastKnownFileType = folder.assetcatalog; path = Assets.xcassets; sourceTree = "<group>"; };
		2964CC35CF647092E51DBA87 /* PanelLayout.swift */ = {isa = PBXFileReference; lastKnownFileType = sourcecode.swift; path = PanelLayout.swift; sourceTree = "<group>"; };
		44F8719B6809A3EC4D52A306 /* iTermateApp.swift */ = {isa = PBXFileReference; lastKnownFileType = sourcecode.swift; path = iTermateApp.swift; sourceTree = "<group>"; };
		455EA3C557B1FB8D058C4337 /* iTermate-integration.ts */ = {isa = PBXFileReference; path = "iTermate-integration.ts"; sourceTree = "<group>"; };
		4C2C567B6DE8991B12C843C6 /* AgentIntegrationManagerTests.swift */ = {isa = PBXFileReference; lastKnownFileType = sourcecode.swift; path = AgentIntegrationManagerTests.swift; sourceTree = "<group>"; };
		5AC44468A07DBECAD73989BA /* ItermBridge.swift */ = {isa = PBXFileReference; lastKnownFileType = sourcecode.swift; path = ItermBridge.swift; sourceTree = "<group>"; };
		8F8A8790CA418B304742A10E /* AgentIntegrations.swift */ = {isa = PBXFileReference; lastKnownFileType = sourcecode.swift; path = AgentIntegrations.swift; sourceTree = "<group>"; };
		8F9D7227C9F23B70A7FDBDAF /* SessionNotificationTests.swift */ = {isa = PBXFileReference; lastKnownFileType = sourcecode.swift; path = SessionNotificationTests.swift; sourceTree = "<group>"; };
		9397D6A74D5DEFB5407287FE /* iTermate-hook.py */ = {isa = PBXFileReference; lastKnownFileType = text.script.python; path = "iTermate-hook.py"; sourceTree = "<group>"; };
		98A663F51BCEE90A4D694DFD /* iTermateBridge.py */ = {isa = PBXFileReference; lastKnownFileType = text.script.python; path = iTermateBridge.py; sourceTree = "<group>"; };
		AEFACC2CFD88EF145735DCE8 /* PanelLayoutTests.swift */ = {isa = PBXFileReference; lastKnownFileType = sourcecode.swift; path = PanelLayoutTests.swift; sourceTree = "<group>"; };
		E19ED60DFB350BCCD35BB7D4 /* iTermateTests.xctest */ = {isa = PBXFileReference; explicitFileType = wrapper.cfbundle; includeInIndex = 0; path = iTermateTests.xctest; sourceTree = BUILT_PRODUCTS_DIR; };
		EE386BB5E6A917CC6ACBC72C /* ItermBridgeTests.swift */ = {isa = PBXFileReference; lastKnownFileType = sourcecode.swift; path = ItermBridgeTests.swift; sourceTree = "<group>"; };
		FBA5E7E6D2D9302CAC7D2FC3 /* SessionNotifications.swift */ = {isa = PBXFileReference; lastKnownFileType = sourcecode.swift; path = SessionNotifications.swift; sourceTree = "<group>"; };
/* End PBXFileReference section */

/* Begin PBXGroup section */
		2E61A8D8AE626BC046971823 /* Products */ = {
			isa = PBXGroup;
			children = (
				0A5616016F9CC20D9F3ADD3E /* iTermate.app */,
				E19ED60DFB350BCCD35BB7D4 /* iTermateTests.xctest */,
			);
			name = Products;
			sourceTree = "<group>";
		};
		33B56348AF2FFCAAFFF38297 /* codex */ = {
			isa = PBXGroup;
			children = (
				9397D6A74D5DEFB5407287FE /* iTermate-hook.py */,
			);
			name = codex;
			path = integrations/codex;
			sourceTree = "<group>";
		};
		3658B826EE18D20F9833DF62 = {
			isa = PBXGroup;
			children = (
				33B56348AF2FFCAAFFF38297 /* codex */,
				9D8AD233E03307791188C9BA /* iTermate */,
				AB381789852D8FBBEF03E620 /* iTermateBridge */,
				E983C73C444786BC354E7A8A /* iTermateTests */,
				B116C045A938ACC98A870800 /* pi */,
				2E61A8D8AE626BC046971823 /* Products */,
			);
			sourceTree = "<group>";
		};
		9D8AD233E03307791188C9BA /* iTermate */ = {
			isa = PBXGroup;
			children = (
				8F8A8790CA418B304742A10E /* AgentIntegrations.swift */,
				26707EC6497714316C11E6B6 /* Assets.xcassets */,
				44F8719B6809A3EC4D52A306 /* iTermateApp.swift */,
				5AC44468A07DBECAD73989BA /* ItermBridge.swift */,
				2964CC35CF647092E51DBA87 /* PanelLayout.swift */,
				FBA5E7E6D2D9302CAC7D2FC3 /* SessionNotifications.swift */,
				06B21C5FA55597B9FDA65B2F /* SettingsViews.swift */,
			);
			path = iTermate;
			sourceTree = "<group>";
		};
		AB381789852D8FBBEF03E620 /* iTermateBridge */ = {
			isa = PBXGroup;
			children = (
				98A663F51BCEE90A4D694DFD /* iTermateBridge.py */,
			);
			path = iTermateBridge;
			sourceTree = "<group>";
		};
		B116C045A938ACC98A870800 /* pi */ = {
			isa = PBXGroup;
			children = (
				455EA3C557B1FB8D058C4337 /* iTermate-integration.ts */,
			);
			name = pi;
			path = integrations/pi;
			sourceTree = "<group>";
		};
		E983C73C444786BC354E7A8A /* iTermateTests */ = {
			isa = PBXGroup;
			children = (
				4C2C567B6DE8991B12C843C6 /* AgentIntegrationManagerTests.swift */,
				EE386BB5E6A917CC6ACBC72C /* ItermBridgeTests.swift */,
				AEFACC2CFD88EF145735DCE8 /* PanelLayoutTests.swift */,
				8F9D7227C9F23B70A7FDBDAF /* SessionNotificationTests.swift */,
			);
			path = iTermateTests;
			sourceTree = "<group>";
		};
/* End PBXGroup section */

/* Begin PBXNativeTarget section */
		9E6541CC5BD0F484063454B8 /* iTermate */ = {
			isa = PBXNativeTarget;
			buildConfigurationList = 5338509B05A052AC5B0E5D14 /* Build configuration list for PBXNativeTarget "iTermate" */;
			buildPhases = (
				D6797E1A816F39B0E4E111E5 /* Sources */,
				322F8C8A1DBB648EEFCD1BB0 /* Resources */,
			);
			buildRules = (
			);
			dependencies = (
			);
			name = iTermate;
			packageProductDependencies = (
			);
			productName = iTermate;
			productReference = 0A5616016F9CC20D9F3ADD3E /* iTermate.app */;
			productType = "com.apple.product-type.application";
		};
		EA8CE3C70AD70C7BE7812A10 /* iTermateTests */ = {
			isa = PBXNativeTarget;
			buildConfigurationList = 79AA3F961F411F3DA54B1CD7 /* Build configuration list for PBXNativeTarget "iTermateTests" */;
			buildPhases = (
				BF62A3A06D8D3AFC46BFD9D1 /* Sources */,
			);
			buildRules = (
			);
			dependencies = (
				4078A29993FBB52AEEBC323D /* PBXTargetDependency */,
			);
			name = iTermateTests;
			packageProductDependencies = (
			);
			productName = iTermateTests;
			productReference = E19ED60DFB350BCCD35BB7D4 /* iTermateTests.xctest */;
			productType = "com.apple.product-type.bundle.unit-test";
		};
/* End PBXNativeTarget section */

/* Begin PBXProject section */
		4546A343AEC928D0E831142D /* Project object */ = {
			isa = PBXProject;
			attributes = {
				BuildIndependentTargetsInParallel = YES;
				LastUpgradeCheck = 1430;
				TargetAttributes = {
				};
			};
			buildConfigurationList = 7C72036E3F964F2BE620ECA2 /* Build configuration list for PBXProject "iTermate" */;
			developmentRegion = en;
			hasScannedForEncodings = 0;
			knownRegions = (
				Base,
				en,
			);
			mainGroup = 3658B826EE18D20F9833DF62;
			minimizedProjectReferenceProxies = 1;
			preferredProjectObjectVersion = 77;
			productRefGroup = 2E61A8D8AE626BC046971823 /* Products */;
			projectDirPath = "";
			projectRoot = "";
			targets = (
				9E6541CC5BD0F484063454B8 /* iTermate */,
				EA8CE3C70AD70C7BE7812A10 /* iTermateTests */,
			);
		};
/* End PBXProject section */

/* Begin PBXResourcesBuildPhase section */
		322F8C8A1DBB648EEFCD1BB0 /* Resources */ = {
			isa = PBXResourcesBuildPhase;
			buildActionMask = 2147483647;
			files = (
				F8C2B099533A5060DD6FF222 /* Assets.xcassets in Resources */,
				D18E483400442845AEEDAF8C /* iTermate-hook.py in Resources */,
				F1BACAA2BF873D0423D5D029 /* iTermate-integration.ts in Resources */,
				C7E944908DE9ED9089171685 /* iTermateBridge.py in Resources */,
			);
			runOnlyForDeploymentPostprocessing = 0;
		};
/* End PBXResourcesBuildPhase section */

/* Begin PBXSourcesBuildPhase section */
		BF62A3A06D8D3AFC46BFD9D1 /* Sources */ = {
			isa = PBXSourcesBuildPhase;
			buildActionMask = 2147483647;
			files = (
				FBA2C09664EC79CCE097AE9C /* AgentIntegrationManagerTests.swift in Sources */,
				D70EAEE488EDDDCA530D505D /* ItermBridgeTests.swift in Sources */,
				CD6C91A30902A7FCEE57204D /* PanelLayoutTests.swift in Sources */,
				9EA014E904BFB2839F940EBA /* SessionNotificationTests.swift in Sources */,
			);
			runOnlyForDeploymentPostprocessing = 0;
		};
		D6797E1A816F39B0E4E111E5 /* Sources */ = {
			isa = PBXSourcesBuildPhase;
			buildActionMask = 2147483647;
			files = (
				8A0FC8F8870D37796C534582 /* AgentIntegrations.swift in Sources */,
				FDEFD14A15E537D2E1EF00E6 /* ItermBridge.swift in Sources */,
				D2C6987CA2110DB3371B778F /* PanelLayout.swift in Sources */,
				AC7587A4E122F8C055A20711 /* SessionNotifications.swift in Sources */,
				EAECC190D6FF2D443E6ABD91 /* SettingsViews.swift in Sources */,
				854F100B60C750D06E8DF1EC /* iTermateApp.swift in Sources */,
			);
			runOnlyForDeploymentPostprocessing = 0;
		};
/* End PBXSourcesBuildPhase section */

/* Begin PBXTargetDependency section */
		4078A29993FBB52AEEBC323D /* PBXTargetDependency */ = {
			isa = PBXTargetDependency;
			target = 9E6541CC5BD0F484063454B8 /* iTermate */;
			targetProxy = 0EB25F46A39FD39F91E9F0E9 /* PBXContainerItemProxy */;
		};
/* End PBXTargetDependency section */

/* Begin XCBuildConfiguration section */
		0451C7B0FB1A212B1E603B21 /* Debug */ = {
			isa = XCBuildConfiguration;
			buildSettings = {
				ALWAYS_SEARCH_USER_PATHS = NO;
				CLANG_ANALYZER_NONNULL = YES;
				CLANG_ANALYZER_NUMBER_OBJECT_CONVERSION = YES_AGGRESSIVE;
				CLANG_CXX_LANGUAGE_STANDARD = "gnu++14";
				CLANG_CXX_LIBRARY = "libc++";
				CLANG_ENABLE_MODULES = YES;
				CLANG_ENABLE_OBJC_ARC = YES;
				CLANG_ENABLE_OBJC_WEAK = YES;
				CLANG_WARN_BLOCK_CAPTURE_AUTORELEASING = YES;
				CLANG_WARN_BOOL_CONVERSION = YES;
				CLANG_WARN_COMMA = YES;
				CLANG_WARN_CONSTANT_CONVERSION = YES;
				CLANG_WARN_DEPRECATED_OBJC_IMPLEMENTATIONS = YES;
				CLANG_WARN_DIRECT_OBJC_ISA_USAGE = YES_ERROR;
				CLANG_WARN_DOCUMENTATION_COMMENTS = YES;
				CLANG_WARN_EMPTY_BODY = YES;
				CLANG_WARN_ENUM_CONVERSION = YES;
				CLANG_WARN_INFINITE_RECURSION = YES;
				CLANG_WARN_INT_CONVERSION = YES;
				CLANG_WARN_NON_LITERAL_NULL_CONVERSION = YES;
				CLANG_WARN_OBJC_IMPLICIT_RETAIN_SELF = YES;
				CLANG_WARN_OBJC_LITERAL_CONVERSION = YES;
				CLANG_WARN_OBJC_ROOT_CLASS = YES_ERROR;
				CLANG_WARN_QUOTED_INCLUDE_IN_FRAMEWORK_HEADER = YES;
				CLANG_WARN_RANGE_LOOP_ANALYSIS = YES;
				CLANG_WARN_STRICT_PROTOTYPES = YES;
				CLANG_WARN_SUSPICIOUS_MOVE = YES;
				CLANG_WARN_UNGUARDED_AVAILABILITY = YES_AGGRESSIVE;
				CLANG_WARN_UNREACHABLE_CODE = YES;
				CLANG_WARN__DUPLICATE_METHOD_MATCH = YES;
				COPY_PHASE_STRIP = NO;
				DEBUG_INFORMATION_FORMAT = dwarf;
				ENABLE_STRICT_OBJC_MSGSEND = YES;
				ENABLE_TESTABILITY = YES;
				GCC_C_LANGUAGE_STANDARD = gnu11;
				GCC_DYNAMIC_NO_PIC = NO;
				GCC_NO_COMMON_BLOCKS = YES;
				GCC_OPTIMIZATION_LEVEL = 0;
				GCC_PREPROCESSOR_DEFINITIONS = (
					"$(inherited)",
					"DEBUG=1",
				);
				GCC_WARN_64_TO_32_BIT_CONVERSION = YES;
				GCC_WARN_ABOUT_RETURN_TYPE = YES_ERROR;
				GCC_WARN_UNDECLARED_SELECTOR = YES;
				GCC_WARN_UNINITIALIZED_AUTOS = YES_AGGRESSIVE;
				GCC_WARN_UNUSED_FUNCTION = YES;
				GCC_WARN_UNUSED_VARIABLE = YES;
				MACOSX_DEPLOYMENT_TARGET = 13.0;
				MTL_ENABLE_DEBUG_INFO = INCLUDE_SOURCE;
				MTL_FAST_MATH = YES;
				ONLY_ACTIVE_ARCH = YES;
				PRODUCT_NAME = "$(TARGET_NAME)";
				SDKROOT = macosx;
				SWIFT_ACTIVE_COMPILATION_CONDITIONS = DEBUG;
				SWIFT_OPTIMIZATION_LEVEL = "-Onone";
				SWIFT_VERSION = 5.0;
			};
			name = Debug;
		};
		2209248D725ABEB17D976421 /* Release */ = {
			isa = XCBuildConfiguration;
			buildSettings = {
				ASSETCATALOG_COMPILER_APPICON_NAME = AppIcon;
				COMBINE_HIDPI_IMAGES = YES;
				CURRENT_PROJECT_VERSION = 1;
				GENERATE_INFOPLIST_FILE = YES;
				INFOPLIST_KEY_LSUIElement = YES;
				INFOPLIST_KEY_NSAppleEventsUsageDescription = "Start the iTermate Bridge inside iTerm2.";
				LD_RUNPATH_SEARCH_PATHS = (
					"$(inherited)",
					"@executable_path/../Frameworks",
				);
				MARKETING_VERSION = 0.1.0;
				PRODUCT_BUNDLE_IDENTIFIER = com.caishilin.iTermate;
				SDKROOT = macosx;
			};
			name = Release;
		};
		790398967140EF21E7C2FD93 /* Debug */ = {
			isa = XCBuildConfiguration;
			buildSettings = {
				BUNDLE_LOADER = "$(TEST_HOST)";
				COMBINE_HIDPI_IMAGES = YES;
				GENERATE_INFOPLIST_FILE = YES;
				LD_RUNPATH_SEARCH_PATHS = (
					"$(inherited)",
					"@executable_path/../Frameworks",
					"@loader_path/../Frameworks",
				);
				PRODUCT_BUNDLE_IDENTIFIER = com.caishilin.iTermateTests;
				SDKROOT = macosx;
				TEST_HOST = "$(BUILT_PRODUCTS_DIR)/iTermate.app/Contents/MacOS/iTermate";
			};
			name = Debug;
		};
		A49EE558324794E6477DA4AB /* Release */ = {
			isa = XCBuildConfiguration;
			buildSettings = {
				BUNDLE_LOADER = "$(TEST_HOST)";
				COMBINE_HIDPI_IMAGES = YES;
				GENERATE_INFOPLIST_FILE = YES;
				LD_RUNPATH_SEARCH_PATHS = (
					"$(inherited)",
					"@executable_path/../Frameworks",
					"@loader_path/../Frameworks",
				);
				PRODUCT_BUNDLE_IDENTIFIER = com.caishilin.iTermateTests;
				SDKROOT = macosx;
				TEST_HOST = "$(BUILT_PRODUCTS_DIR)/iTermate.app/Contents/MacOS/iTermate";
			};
			name = Release;
		};
		CCDFFE8F6F7E7A6BF10898F6 /* Debug */ = {
			isa = XCBuildConfiguration;
			buildSettings = {
				ASSETCATALOG_COMPILER_APPICON_NAME = AppIcon;
				COMBINE_HIDPI_IMAGES = YES;
				CURRENT_PROJECT_VERSION = 1;
				GENERATE_INFOPLIST_FILE = YES;
				INFOPLIST_KEY_LSUIElement = YES;
				INFOPLIST_KEY_NSAppleEventsUsageDescription = "Start the iTermate Bridge inside iTerm2.";
				LD_RUNPATH_SEARCH_PATHS = (
					"$(inherited)",
					"@executable_path/../Frameworks",
				);
				MARKETING_VERSION = 0.1.0;
				PRODUCT_BUNDLE_IDENTIFIER = com.caishilin.iTermate;
				SDKROOT = macosx;
			};
			name = Debug;
		};
		E5F36896C414B530D1503273 /* Release */ = {
			isa = XCBuildConfiguration;
			buildSettings = {
				ALWAYS_SEARCH_USER_PATHS = NO;
				CLANG_ANALYZER_NONNULL = YES;
				CLANG_ANALYZER_NUMBER_OBJECT_CONVERSION = YES_AGGRESSIVE;
				CLANG_CXX_LANGUAGE_STANDARD = "gnu++14";
				CLANG_CXX_LIBRARY = "libc++";
				CLANG_ENABLE_MODULES = YES;
				CLANG_ENABLE_OBJC_ARC = YES;
				CLANG_ENABLE_OBJC_WEAK = YES;
				CLANG_WARN_BLOCK_CAPTURE_AUTORELEASING = YES;
				CLANG_WARN_BOOL_CONVERSION = YES;
				CLANG_WARN_COMMA = YES;
				CLANG_WARN_CONSTANT_CONVERSION = YES;
				CLANG_WARN_DEPRECATED_OBJC_IMPLEMENTATIONS = YES;
				CLANG_WARN_DIRECT_OBJC_ISA_USAGE = YES_ERROR;
				CLANG_WARN_DOCUMENTATION_COMMENTS = YES;
				CLANG_WARN_EMPTY_BODY = YES;
				CLANG_WARN_ENUM_CONVERSION = YES;
				CLANG_WARN_INFINITE_RECURSION = YES;
				CLANG_WARN_INT_CONVERSION = YES;
				CLANG_WARN_NON_LITERAL_NULL_CONVERSION = YES;
				CLANG_WARN_OBJC_IMPLICIT_RETAIN_SELF = YES;
				CLANG_WARN_OBJC_LITERAL_CONVERSION = YES;
				CLANG_WARN_OBJC_ROOT_CLASS = YES_ERROR;
				CLANG_WARN_QUOTED_INCLUDE_IN_FRAMEWORK_HEADER = YES;
				CLANG_WARN_RANGE_LOOP_ANALYSIS = YES;
				CLANG_WARN_STRICT_PROTOTYPES = YES;
				CLANG_WARN_SUSPICIOUS_MOVE = YES;
				CLANG_WARN_UNGUARDED_AVAILABILITY = YES_AGGRESSIVE;
				CLANG_WARN_UNREACHABLE_CODE = YES;
				CLANG_WARN__DUPLICATE_METHOD_MATCH = YES;
				COPY_PHASE_STRIP = NO;
				DEBUG_INFORMATION_FORMAT = "dwarf-with-dsym";
				ENABLE_NS_ASSERTIONS = NO;
				ENABLE_STRICT_OBJC_MSGSEND = YES;
				GCC_C_LANGUAGE_STANDARD = gnu11;
				GCC_NO_COMMON_BLOCKS = YES;
				GCC_WARN_64_TO_32_BIT_CONVERSION = YES;
				GCC_WARN_ABOUT_RETURN_TYPE = YES_ERROR;
				GCC_WARN_UNDECLARED_SELECTOR = YES;
				GCC_WARN_UNINITIALIZED_AUTOS = YES_AGGRESSIVE;
				GCC_WARN_UNUSED_FUNCTION = YES;
				GCC_WARN_UNUSED_VARIABLE = YES;
				MACOSX_DEPLOYMENT_TARGET = 13.0;
				MTL_ENABLE_DEBUG_INFO = NO;
				MTL_FAST_MATH = YES;
				PRODUCT_NAME = "$(TARGET_NAME)";
				SDKROOT = macosx;
				SWIFT_COMPILATION_MODE = wholemodule;
				SWIFT_OPTIMIZATION_LEVEL = "-O";
				SWIFT_VERSION = 5.0;
			};
			name = Release;
		};
/* End XCBuildConfiguration section */

/* Begin XCConfigurationList section */
		5338509B05A052AC5B0E5D14 /* Build configuration list for PBXNativeTarget "iTermate" */ = {
			isa = XCConfigurationList;
			buildConfigurations = (
				CCDFFE8F6F7E7A6BF10898F6 /* Debug */,
				2209248D725ABEB17D976421 /* Release */,
			);
			defaultConfigurationIsVisible = 0;
			defaultConfigurationName = Debug;
		};
		79AA3F961F411F3DA54B1CD7 /* Build configuration list for PBXNativeTarget "iTermateTests" */ = {
			isa = XCConfigurationList;
			buildConfigurations = (
				790398967140EF21E7C2FD93 /* Debug */,
				A49EE558324794E6477DA4AB /* Release */,
			);
			defaultConfigurationIsVisible = 0;
			defaultConfigurationName = Debug;
		};
		7C72036E3F964F2BE620ECA2 /* Build configuration list for PBXProject "iTermate" */ = {
			isa = XCConfigurationList;
			buildConfigurations = (
				0451C7B0FB1A212B1E603B21 /* Debug */,
				E5F36896C414B530D1503273 /* Release */,
			);
			defaultConfigurationIsVisible = 0;
			defaultConfigurationName = Debug;
		};
/* End XCConfigurationList section */
	};
	rootObject = 4546A343AEC928D0E831142D /* Project object */;
}
